<?xml version="1.0" encoding="utf-8"?>
<Project ToolsVersion="4.0" xmlns="http://schemas.microsoft.com/developer/msbuild/2003">
  <ItemGroup>
    <Filter Include="Source Files">
      <UniqueIdentifier>{4FC737F1-C7A5-4376-A066-2A32D752A2FF}</UniqueIdentifier>
      <Extensions>qml;cpp;c;cc;cxx;def;odl;idl;hpj;bat;asm;asmx</Extensions>
    </Filter>
    <Filter Include="Header Files">
      <UniqueIdentifier>{93995380-89BD-4b04-88EB-625FBE52EBFB}</UniqueIdentifier>
      <Extensions>h;hh;hpp;hxx;hm;inl;inc;xsd</Extensions>
    </Filter>
    <Filter Include="Resource Files">
      <UniqueIdentifier>{67DA6AB6-F800-4c08-8B7A-83BB121AAD01}</UniqueIdentifier>
      <Extensions>qrc;rc;ico;cur;bmp;dlg;rc2;rct;bin;rgs;gif;jpg;jpeg;jpe;resx;tiff;tif;png;wav;mfcribbon-ms</Extensions>
    </Filter>
    <Filter Include="Form Files">
      <UniqueIdentifier>{99349809-55BA-4b9d-BF79-8FDBB0286EB3}</UniqueIdentifier>
      <Extensions>ui</Extensions>
    </Filter>
    <Filter Include="Translation Files">
      <UniqueIdentifier>{639EADAA-A684-42e4-A9AD-28FC9BCB8F7C}</UniqueIdentifier>
      <Extensions>ts</Extensions>
    </Filter>
  </ItemGroup>
  <ItemGroup>
    <ClCompile Include="main.cpp">
      <Filter>Source Files</Filter>
    </ClCompile>
    <ClCompile Include="User.cpp">
      <Filter>Source Files</Filter>
    </ClCompile>
    <ClCompile Include="PhoneNumber.cpp">
      <Filter>Source Files</Filter>
    </ClCompile>
    <ClCompile Include="LoginDialog.cpp">
      <Filter>Source Files</Filter>
    </ClCompile>
    <ClCompile Include="Billing.cpp">
      <Filter>Source Files</Filter>
    </ClCompile>
    <ClCompile Include="RateStrategy.cpp">
      <Filter>Source Files</Filter>
    </ClCompile>
    <ClCompile Include="FixedLocalRate.cpp">
      <Filter>Source Files</Filter>
    </ClCompile>
    <ClCompile Include="FixedLongRate.cpp">
      <Filter>Source Files</Filter>
    </ClCompile>
    <ClCompile Include="WirelessLocalRate.cpp">
      <Filter>Source Files</Filter>
    </ClCompile>
    <ClCompile Include="RateStrategyFactory.cpp">
      <Filter>Source Files</Filter>
    </ClCompile>
    <ClCompile Include="WirelessLongRate.cpp">
      <Filter>Source Files</Filter>
    </ClCompile>
    <ClCompile Include="WirelessAnswerRate.cpp">
      <Filter>Source Files</Filter>
    </ClCompile>
    <ClCompile Include="MainWindow.cpp">
      <Filter>Source Files</Filter>
    </ClCompile>
    <ClCompile Include="UserManager.cpp">
      <Filter>Source Files</Filter>
    </ClCompile>
    <ClCompile Include="AddEditNumberDialog.cpp">
      <Filter>Source Files</Filter>
    </ClCompile>
    <ClCompile Include="AddEditUserDialog.cpp">
      <Filter>Source Files</Filter>
    </ClCompile>
    <ClCompile Include="Family.cpp">
      <Filter>Source Files</Filter>
    </ClCompile>
    <ClCompile Include="FamilyManager.cpp">
      <Filter>Source Files</Filter>
    </ClCompile>
    <ClCompile Include="MainWindow_family.cpp">
      <Filter>Source Files</Filter>
    </ClCompile>
    <ClCompile Include="SearchDialog.cpp">
      <Filter>Source Files</Filter>
    </ClCompile>
  </ItemGroup>
  <ItemGroup>
    <ClInclude Include="User.h">
      <Filter>Header Files</Filter>
    </ClInclude>
    <ClInclude Include="PhoneNumber.h">
      <Filter>Header Files</Filter>
    </ClInclude>
    <ClInclude Include="RateStrategy.h">
      <Filter>Header Files</Filter>
    </ClInclude>
    <ClInclude Include="FixedLocalRate.h">
      <Filter>Header Files</Filter>
    </ClInclude>
    <ClInclude Include="FixedLongRate.h">
      <Filter>Header Files</Filter>
    </ClInclude>
    <ClInclude Include="resource.h">
      <Filter>Header Files</Filter>
    </ClInclude>
    <ClInclude Include="WirelessLocalRate.h">
      <Filter>Header Files</Filter>
    </ClInclude>
    <ClInclude Include="RateStrategyFactory.h">
      <Filter>Header Files</Filter>
    </ClInclude>
    <ClInclude Include="WirelessLongRate.h">
      <Filter>Header Files</Filter>
    </ClInclude>
    <ClInclude Include="WirelessAnswerRate.h">
      <Filter>Header Files</Filter>
    </ClInclude>
    <ClInclude Include="Telecom .46A7BA14\x64\Debug\qt\uic\ui_MainWindow.h">
      <Filter>Header Files</Filter>
    </ClInclude>
    <ClInclude Include="Family.h">
      <Filter>Header Files</Filter>
    </ClInclude>
  </ItemGroup>
  <ItemGroup>
    <QtMoc Include="LoginDialog.h">
      <Filter>Header Files</Filter>
    </QtMoc>
    <QtMoc Include="Billing.h">
      <Filter>Header Files</Filter>
    </QtMoc>
    <QtMoc Include="UserManager.h">
      <Filter>Header Files</Filter>
    </QtMoc>
    <QtMoc Include="MainWindow.h">
      <Filter>Header Files</Filter>
    </QtMoc>
    <QtMoc Include="AddEditNumberDialog.h">
      <Filter>Header Files</Filter>
    </QtMoc>
    <QtMoc Include="AddEditUserDialog.h">
      <Filter>Header Files</Filter>
    </QtMoc>
    <QtMoc Include="FamilyManager.h">
      <Filter>Header Files</Filter>
    </QtMoc>
    <QtMoc Include="SearchDialog.h">
      <Filter>Header Files</Filter>
    </QtMoc>
  </ItemGroup>
  <ItemGroup>
    <QtUic Include="LoginDialog.ui">
      <Filter>Form Files</Filter>
    </QtUic>
    <QtUic Include="MainWindow.ui">
      <Filter>Form Files</Filter>
    </QtUic>
    <QtUic Include="AddEditNumberDialog.ui">
      <Filter>Form Files</Filter>
    </QtUic>
    <QtUic Include="AddEditUserDialog.ui">
      <Filter>Form Files</Filter>
    </QtUic>
    <QtUic Include="SearchDialog.ui">
      <Filter>Form Files</Filter>
    </QtUic>
  </ItemGroup>
  <ItemGroup>
    <ResourceCompile Include="Telecom Billing System.rc">
      <Filter>Resource Files</Filter>
    </ResourceCompile>
  </ItemGroup>
</Project>